
Microsoft Visual Studio Solution File, Format Version 12.00
# Visual Studio Version 16
VisualStudioVersion = 16.0.29613.14
MinimumVisualStudioVersion = 10.0.40219.1
Project("{FAE04EC0-301F-11D3-BF4B-00C04F79EFBC}") = "ThreadExam22", "ThreadExam22\ThreadExam22.csproj", "{88ECCDDE-9BC8-497C-A0E1-498C6E83A5F7}"
EndProject
Global
	GlobalSection(SolutionConfigurationPlatforms) = preSolution
		Debug|Any CPU = Debug|Any CPU
		Release|Any CPU = Release|Any CPU
	EndGlobalSection
	GlobalSection(ProjectConfigurationPlatforms) = postSolution
		{88ECCDDE-9BC8-497C-A0E1-498C6E83A5F7}.Debug|Any CPU.ActiveCfg = Debug|Any CPU
		{88ECCDDE-9BC8-497C-A0E1-498C6E83A5F7}.Debug|Any CPU.Build.0 = Debug|Any CPU
		{88ECCDDE-9BC8-497C-A0E1-498C6E83A5F7}.Release|Any CPU.ActiveCfg = Release|Any CPU
		{88ECCDDE-9BC8-497C-A0E1-498C6E83A5F7}.Release|Any CPU.Build.0 = Release|Any CPU
	EndGlobalSection
	GlobalSection(SolutionProperties) = preSolution
		HideSolutionNode = FALSE
	EndGlobalSection
	GlobalSection(ExtensibilityGlobals) = postSolution
		SolutionGuid = {C947AB40-36C4-4E76-895D-D2CF2F693D9B}
	EndGlobalSection
EndGlobal
