
Microsoft Visual Studio Solution File, Format Version 12.00
# Visual Studio Version 16
VisualStudioVersion = 16.0.29613.14
MinimumVisualStudioVersion = 10.0.40219.1
Project("{FAE04EC0-301F-11D3-BF4B-00C04F79EFBC}") = "ThreadExam29", "ThreadExam29\ThreadExam29.csproj", "{17DD8E1B-1B27-4C5B-B13A-0180F82AE101}"
EndProject
Global
	GlobalSection(SolutionConfigurationPlatforms) = preSolution
		Debug|Any CPU = Debug|Any CPU
		Release|Any CPU = Release|Any CPU
	EndGlobalSection
	GlobalSection(ProjectConfigurationPlatforms) = postSolution
		{17DD8E1B-1B27-4C5B-B13A-0180F82AE101}.Debug|Any CPU.ActiveCfg = Debug|Any CPU
		{17DD8E1B-1B27-4C5B-B13A-0180F82AE101}.Debug|Any CPU.Build.0 = Debug|Any CPU
		{17DD8E1B-1B27-4C5B-B13A-0180F82AE101}.Release|Any CPU.ActiveCfg = Release|Any CPU
		{17DD8E1B-1B27-4C5B-B13A-0180F82AE101}.Release|Any CPU.Build.0 = Release|Any CPU
	EndGlobalSection
	GlobalSection(SolutionProperties) = preSolution
		HideSolutionNode = FALSE
	EndGlobalSection
	GlobalSection(ExtensibilityGlobals) = postSolution
		SolutionGuid = {C2298993-6BFB-4117-8ECE-02B32F387CF9}
	EndGlobalSection
EndGlobal
