
Microsoft Visual Studio Solution File, Format Version 12.00
# Visual Studio Version 16
VisualStudioVersion = 16.0.29613.14
MinimumVisualStudioVersion = 10.0.40219.1
Project("{FAE04EC0-301F-11D3-BF4B-00C04F79EFBC}") = "ThreadExam12", "ThreadExam12\ThreadExam12.csproj", "{EFACD0A7-69DC-4722-8C4A-ABDF6C2630D4}"
EndProject
Global
	GlobalSection(SolutionConfigurationPlatforms) = preSolution
		Debug|Any CPU = Debug|Any CPU
		Release|Any CPU = Release|Any CPU
	EndGlobalSection
	GlobalSection(ProjectConfigurationPlatforms) = postSolution
		{EFACD0A7-69DC-4722-8C4A-ABDF6C2630D4}.Debug|Any CPU.ActiveCfg = Debug|Any CPU
		{EFACD0A7-69DC-4722-8C4A-ABDF6C2630D4}.Debug|Any CPU.Build.0 = Debug|Any CPU
		{EFACD0A7-69DC-4722-8C4A-ABDF6C2630D4}.Release|Any CPU.ActiveCfg = Release|Any CPU
		{EFACD0A7-69DC-4722-8C4A-ABDF6C2630D4}.Release|Any CPU.Build.0 = Release|Any CPU
	EndGlobalSection
	GlobalSection(SolutionProperties) = preSolution
		HideSolutionNode = FALSE
	EndGlobalSection
	GlobalSection(ExtensibilityGlobals) = postSolution
		SolutionGuid = {B02F2DB1-D4FD-426C-9F97-3A8D25DAD63C}
	EndGlobalSection
EndGlobal
